// !$*UTF8*$!
{
	archiveVersion = 1;
	classes = {
	};
	objectVersion = 52;
	objects = {

/* Begin PBXBuildFile section */
		4B2911B825A4787A006A33B5 /* MapboxMobileEvents in Frameworks */ = {isa = PBXBuildFile; productRef = 4B2911B725A4787A006A33B5 /* MapboxMobileEvents */; };
		4B2911BA25A4787A006A33B5 /* Mapbox in Frameworks */ = {isa = PBXBuildFile; productRef = 4B2911B925A4787A006A33B5 /* Mapbox */; };
		4BC25F9E252BB9E300C5BA71 /* MapView.swift in Sources */ = {isa = PBXBuildFile; fileRef = 4BC25F9D252BB9E300C5BA71 /* MapView.swift */; };
		4BD1E1AD252BB0ED00864780 /* SimpleMap_SwiftUIApp.swift in Sources */ = {isa = PBXBuildFile; fileRef = 4BD1E1AC252BB0ED00864780 /* SimpleMap_SwiftUIApp.swift */; };
		4BD1E1AF252BB0ED00864780 /* ContentView.swift in Sources */ = {isa = PBXBuildFile; fileRef = 4BD1E1AE252BB0ED00864780 /* ContentView.swift */; };
		4BD1E1B1252BB0EE00864780 /* Assets.xcassets in Resources */ = {isa = PBXBuildFile; fileRef = 4BD1E1B0252BB0EE00864780 /* Assets.xcassets */; };
		4BD1E1B4252BB0EE00864780 /* Preview Assets.xcassets in Resources */ = {isa = PBXBuildFile; fileRef = 4BD1E1B3252BB0EE00864780 /* Preview Assets.xcassets */; };
/* End PBXBuildFile section */

/* Begin PBXFileReference section */
		4BC25F9D252BB9E300C5BA71 /* MapView.swift */ = {isa = PBXFileReference; lastKnownFileType = sourcecode.swift; path = MapView.swift; sourceTree = "<group>"; };
		4BD1E1A9252BB0ED00864780 /* SimpleMap_SwiftUI.app */ = {isa = PBXFileReference; explicitFileType = wrapper.application; includeInIndex = 0; path = SimpleMap_SwiftUI.app; sourceTree = BUILT_PRODUCTS_DIR; };
		4BD1E1AC252BB0ED00864780 /* SimpleMap_SwiftUIApp.swift */ = {isa = PBXFileReference; lastKnownFileType = sourcecode.swift; path = SimpleMap_SwiftUIApp.swift; sourceTree = "<group>"; };
		4BD1E1AE252BB0ED00864780 /* ContentView.swift */ = {isa = PBXFileReference; lastKnownFileType = sourcecode.swift; path = ContentView.swift; sourceTree = "<group>"; };
		4BD1E1B0252BB0EE00864780 /* Assets.xcassets */ = {isa = PBXFileReference; lastKnownFileType = folder.assetcatalog; path = Assets.xcassets; sourceTree = "<group>"; };
		4BD1E1B3252BB0EE00864780 /* Preview Assets.xcassets */ = {isa = PBXFileReference; lastKnownFileType = folder.assetcatalog; path = "Preview Assets.xcassets"; sourceTree = "<group>"; };
		4BD1E1B5252BB0EE00864780 /* Info.plist */ = {isa = PBXFileReference; lastKnownFileType = text.plist.xml; path = Info.plist; sourceTree = "<group>"; };
/* End PBXFileReference section */

/* Begin PBXFrameworksBuildPhase section */
		4BD1E1A6252BB0ED00864780 /* Frameworks */ = {
			isa = PBXFrameworksBuildPhase;
			buildActionMask = 2147483647;
			files = (
				4B2911B825A4787A006A33B5 /* MapboxMobileEvents in Frameworks */,
				4B2911BA25A4787A006A33B5 /* Mapbox in Frameworks */,
			);
			runOnlyForDeploymentPostprocessing = 0;
		};
/* End PBXFrameworksBuildPhase section */

/* Begin PBXGroup section */
		4BD1E1A0252BB0ED00864780 = {
			isa = PBXGroup;
			children = (
				4BD1E1AB252BB0ED00864780 /* SimpleMap_SwiftUI */,
				4BD1E1AA252BB0ED00864780 /* Products */,
			);
			sourceTree = "<group>";
		};
		4BD1E1AA252BB0ED00864780 /* Products */ = {
			isa = PBXGroup;
			children = (
				4BD1E1A9252BB0ED00864780 /* SimpleMap_SwiftUI.app */,
			);
			name = Products;
			sourceTree = "<group>";
		};
		4BD1E1AB252BB0ED00864780 /* SimpleMap_SwiftUI */ = {
			isa = PBXGroup;
			children = (
				4BD1E1AC252BB0ED00864780 /* SimpleMap_SwiftUIApp.swift */,
				4BD1E1AE252BB0ED00864780 /* ContentView.swift */,
				4BD1E1B0252BB0EE00864780 /* Assets.xcassets */,
				4BD1E1B5252BB0EE00864780 /* Info.plist */,
				4BD1E1B2252BB0EE00864780 /* Preview Content */,
				4BC25F9D252BB9E300C5BA71 /* MapView.swift */,
			);
			path = SimpleMap_SwiftUI;
			sourceTree = "<group>";
		};
		4BD1E1B2252BB0EE00864780 /* Preview Content */ = {
			isa = PBXGroup;
			children = (
				4BD1E1B3252BB0EE00864780 /* Preview Assets.xcassets */,
			);
			path = "Preview Content";
			sourceTree = "<group>";
		};
/* End PBXGroup section */

/* Begin PBXNativeTarget section */
		4BD1E1A8252BB0ED00864780 /* SimpleMap_SwiftUI */ = {
			isa = PBXNativeTarget;
			buildConfigurationList = 4BD1E1B8252BB0EE00864780 /* Build configuration list for PBXNativeTarget "SimpleMap_SwiftUI" */;
			buildPhases = (
				4BD1E1A5252BB0ED00864780 /* Sources */,
				4BD1E1A6252BB0ED00864780 /* Frameworks */,
				4BD1E1A7252BB0ED00864780 /* Resources */,
			);
			buildRules = (
			);
			dependencies = (
			);
			name = SimpleMap_SwiftUI;
			packageProductDependencies = (
				4B2911B725A4787A006A33B5 /* MapboxMobileEvents */,
				4B2911B925A4787A006A33B5 /* Mapbox */,
			);
			productName = SimpleMap_SwiftUI;
			productReference = 4BD1E1A9252BB0ED00864780 /* SimpleMap_SwiftUI.app */;
			productType = "com.apple.product-type.application";
		};
/* End PBXNativeTarget section */

/* Begin PBXProject section */
		4BD1E1A1252BB0ED00864780 /* Project object */ = {
			isa = PBXProject;
			attributes = {
				LastSwiftUpdateCheck = 1200;
				LastUpgradeCheck = 1200;
				TargetAttributes = {
					4BD1E1A8252BB0ED00864780 = {
						CreatedOnToolsVersion = 12.0.1;
					};
				};
			};
			buildConfigurationList = 4BD1E1A4252BB0ED00864780 /* Build configuration list for PBXProject "SimpleMap_SwiftUI" */;
			compatibilityVersion = "Xcode 9.3";
			developmentRegion = en;
			hasScannedForEncodings = 0;
			knownRegions = (
				en,
				Base,
			);
			mainGroup = 4BD1E1A0252BB0ED00864780;
			packageReferences = (
				4B2911B625A4787A006A33B5 /* XCRemoteSwiftPackageReference "maplibre-gl-native-distribution" */,
			);
			productRefGroup = 4BD1E1AA252BB0ED00864780 /* Products */;
			projectDirPath = "";
			projectRoot = "";
			targets = (
				4BD1E1A8252BB0ED00864780 /* SimpleMap_SwiftUI */,
			);
		};
/* End PBXProject section */

/* Begin PBXResourcesBuildPhase section */
		4BD1E1A7252BB0ED00864780 /* Resources */ = {
			isa = PBXResourcesBuildPhase;
			buildActionMask = 2147483647;
			files = (
				4BD1E1B4252BB0EE00864780 /* Preview Assets.xcassets in Resources */,
				4BD1E1B1252BB0EE00864780 /* Assets.xcassets in Resources */,
			);
			runOnlyForDeploymentPostprocessing = 0;
		};
/* End PBXResourcesBuildPhase section */

/* Begin PBXSourcesBuildPhase section */
		4BD1E1A5252BB0ED00864780 /* Sources */ = {
			isa = PBXSourcesBuildPhase;
			buildActionMask = 2147483647;
			files = (
				4BD1E1AF252BB0ED00864780 /* ContentView.swift in Sources */,
				4BC25F9E252BB9E300C5BA71 /* MapView.swift in Sources */,
				4BD1E1AD252BB0ED00864780 /* SimpleMap_SwiftUIApp.swift in Sources */,
			);
			runOnlyForDeploymentPostprocessing = 0;
		};
/* End PBXSourcesBuildPhase section */

/* Begin XCBuildConfiguration section */
		4BD1E1B6252BB0EE00864780 /* Debug */ = {
			isa = XCBuildConfiguration;
			buildSettings = {
				ALWAYS_SEARCH_USER_PATHS = NO;
				CLANG_ANALYZER_NONNULL = YES;
				CLANG_ANALYZER_NUMBER_OBJECT_CONVERSION = YES_AGGRESSIVE;
				CLANG_CXX_LANGUAGE_STANDARD = "gnu++14";
				CLANG_CXX_LIBRARY = "libc++";
				CLANG_ENABLE_MODULES = YES;
				CLANG_ENABLE_OBJC_ARC = YES;
				CLANG_ENABLE_OBJC_WEAK = YES;
				CLANG_WARN_BLOCK_CAPTURE_AUTORELEASING = YES;
				CLANG_WARN_BOOL_CONVERSION = YES;
				CLANG_WARN_COMMA = YES;
				CLANG_WARN_CONSTANT_CONVERSION = YES;
				CLANG_WARN_DEPRECATED_OBJC_IMPLEMENTATIONS = YES;
				CLANG_WARN_DIRECT_OBJC_ISA_USAGE = YES_ERROR;
				CLANG_WARN_DOCUMENTATION_COMMENTS = YES;
				CLANG_WARN_EMPTY_BODY = YES;
				CLANG_WARN_ENUM_CONVERSION = YES;
				CLANG_WARN_INFINITE_RECURSION = YES;
				CLANG_WARN_INT_CONVERSION = YES;
				CLANG_WARN_NON_LITERAL_NULL_CONVERSION = YES;
				CLANG_WARN_OBJC_IMPLICIT_RETAIN_SELF = YES;
				CLANG_WARN_OBJC_LITERAL_CONVERSION = YES;
				CLANG_WARN_OBJC_ROOT_CLASS = YES_ERROR;
				CLANG_WARN_QUOTED_INCLUDE_IN_FRAMEWORK_HEADER = YES;
				CLANG_WARN_RANGE_LOOP_ANALYSIS = YES;
				CLANG_WARN_STRICT_PROTOTYPES = YES;
				CLANG_WARN_SUSPICIOUS_MOVE = YES;
				CLANG_WARN_UNGUARDED_AVAILABILITY = YES_AGGRESSIVE;
				CLANG_WARN_UNREACHABLE_CODE = YES;
				CLANG_WARN__DUPLICATE_METHOD_MATCH = YES;
				COPY_PHASE_STRIP = NO;
				DEBUG_INFORMATION_FORMAT = dwarf;
				ENABLE_STRICT_OBJC_MSGSEND = YES;
				ENABLE_TESTABILITY = YES;
				GCC_C_LANGUAGE_STANDARD = gnu11;
				GCC_DYNAMIC_NO_PIC = NO;
				GCC_NO_COMMON_BLOCKS = YES;
				GCC_OPTIMIZATION_LEVEL = 0;
				GCC_PREPROCESSOR_DEFINITIONS = (
					"DEBUG=1",
					"$(inherited)",
				);
				GCC_WARN_64_TO_32_BIT_CONVERSION = YES;
				GCC_WARN_ABOUT_RETURN_TYPE = YES_ERROR;
				GCC_WARN_UNDECLARED_SELECTOR = YES;
				GCC_WARN_UNINITIALIZED_AUTOS = YES_AGGRESSIVE;
				GCC_WARN_UNUSED_FUNCTION = YES;
				GCC_WARN_UNUSED_VARIABLE = YES;
				IPHONEOS_DEPLOYMENT_TARGET = 14.0;
				MTL_ENABLE_DEBUG_INFO = INCLUDE_SOURCE;
				MTL_FAST_MATH = YES;
				ONLY_ACTIVE_ARCH = YES;
				SDKROOT = iphoneos;
				SWIFT_ACTIVE_COMPILATION_CONDITIONS = DEBUG;
				SWIFT_OPTIMIZATION_LEVEL = "-Onone";
			};
			name = Debug;
		};
		4BD1E1B7252BB0EE00864780 /* Release */ = {
			isa = XCBuildConfiguration;
			buildSettings = {
				ALWAYS_SEARCH_USER_PATHS = NO;
				CLANG_ANALYZER_NONNULL = YES;
				CLANG_ANALYZER_NUMBER_OBJECT_CONVERSION = YES_AGGRESSIVE;
				CLANG_CXX_LANGUAGE_STANDARD = "gnu++14";
				CLANG_CXX_LIBRARY = "libc++";
				CLANG_ENABLE_MODULES = YES;
				CLANG_ENABLE_OBJC_ARC = YES;
				CLANG_ENABLE_OBJC_WEAK = YES;
				CLANG_WARN_BLOCK_CAPTURE_AUTORELEASING = YES;
				CLANG_WARN_BOOL_CONVERSION = YES;
				CLANG_WARN_COMMA = YES;
				CLANG_WARN_CONSTANT_CONVERSION = YES;
				CLANG_WARN_DEPRECATED_OBJC_IMPLEMENTATIONS = YES;
				CLANG_WARN_DIRECT_OBJC_ISA_USAGE = YES_ERROR;
				CLANG_WARN_DOCUMENTATION_COMMENTS = YES;
				CLANG_WARN_EMPTY_BODY = YES;
				CLANG_WARN_ENUM_CONVERSION = YES;
				CLANG_WARN_INFINITE_RECURSION = YES;
				CLANG_WARN_INT_CONVERSION = YES;
				CLANG_WARN_NON_LITERAL_NULL_CONVERSION = YES;
				CLANG_WARN_OBJC_IMPLICIT_RETAIN_SELF = YES;
				CLANG_WARN_OBJC_LITERAL_CONVERSION = YES;
				CLANG_WARN_OBJC_ROOT_CLASS = YES_ERROR;
				CLANG_WARN_QUOTED_INCLUDE_IN_FRAMEWORK_HEADER = YES;
				CLANG_WARN_RANGE_LOOP_ANALYSIS = YES;
				CLANG_WARN_STRICT_PROTOTYPES = YES;
				CLANG_WARN_SUSPICIOUS_MOVE = YES;
				CLANG_WARN_UNGUARDED_AVAILABILITY = YES_AGGRESSIVE;
				CLANG_WARN_UNREACHABLE_CODE = YES;
				CLANG_WARN__DUPLICATE_METHOD_MATCH = YES;
				COPY_PHASE_STRIP = NO;
				DEBUG_INFORMATION_FORMAT = "dwarf-with-dsym";
				ENABLE_NS_ASSERTIONS = NO;
				ENABLE_STRICT_OBJC_MSGSEND = YES;
				GCC_C_LANGUAGE_STANDARD = gnu11;
				GCC_NO_COMMON_BLOCKS = YES;
				GCC_WARN_64_TO_32_BIT_CONVERSION = YES;
				GCC_WARN_ABOUT_RETURN_TYPE = YES_ERROR;
				GCC_WARN_UNDECLARED_SELECTOR = YES;
				GCC_WARN_UNINITIALIZED_AUTOS = YES_AGGRESSIVE;
				GCC_WARN_UNUSED_FUNCTION = YES;
				GCC_WARN_UNUSED_VARIABLE = YES;
				IPHONEOS_DEPLOYMENT_TARGET = 14.0;
				MTL_ENABLE_DEBUG_INFO = NO;
				MTL_FAST_MATH = YES;
				SDKROOT = iphoneos;
				SWIFT_COMPILATION_MODE = wholemodule;
				SWIFT_OPTIMIZATION_LEVEL = "-O";
				VALIDATE_PRODUCT = YES;
			};
			name = Release;
		};
		4BD1E1B9252BB0EE00864780 /* Debug */ = {
			isa = XCBuildConfiguration;
			buildSettings = {
				ASSETCATALOG_COMPILER_APPICON_NAME = AppIcon;
				ASSETCATALOG_COMPILER_GLOBAL_ACCENT_COLOR_NAME = AccentColor;
				CODE_SIGN_STYLE = Automatic;
				DEVELOPMENT_ASSET_PATHS = "\"SimpleMap_SwiftUI/Preview Content\"";
				DEVELOPMENT_TEAM = 2B482J8N6Y;
				ENABLE_PREVIEWS = YES;
				INFOPLIST_FILE = SimpleMap_SwiftUI/Info.plist;
				IPHONEOS_DEPLOYMENT_TARGET = 14.0;
				LD_RUNPATH_SEARCH_PATHS = (
					"$(inherited)",
					"@executable_path/Frameworks",
				);
				PRODUCT_BUNDLE_IDENTIFIER = "com.maptiler.ios.SimpleMap-SwiftUI";
				PRODUCT_NAME = "$(TARGET_NAME)";
				SWIFT_VERSION = 5.0;
				TARGETED_DEVICE_FAMILY = "1,2";
			};
			name = Debug;
		};
		4BD1E1BA252BB0EE00864780 /* Release */ = {
			isa = XCBuildConfiguration;
			buildSettings = {
				ASSETCATALOG_COMPILER_APPICON_NAME = AppIcon;
				ASSETCATALOG_COMPILER_GLOBAL_ACCENT_COLOR_NAME = AccentColor;
				CODE_SIGN_STYLE = Automatic;
				DEVELOPMENT_ASSET_PATHS = "\"SimpleMap_SwiftUI/Preview Content\"";
				DEVELOPMENT_TEAM = 2B482J8N6Y;
				ENABLE_PREVIEWS = YES;
				INFOPLIST_FILE = SimpleMap_SwiftUI/Info.plist;
				IPHONEOS_DEPLOYMENT_TARGET = 14.0;
				LD_RUNPATH_SEARCH_PATHS = (
					"$(inherited)",
					"@executable_path/Frameworks",
				);
				PRODUCT_BUNDLE_IDENTIFIER = "com.maptiler.ios.SimpleMap-SwiftUI";
				PRODUCT_NAME = "$(TARGET_NAME)";
				SWIFT_VERSION = 5.0;
				TARGETED_DEVICE_FAMILY = "1,2";
			};
			name = Release;
		};
/* End XCBuildConfiguration section */

/* Begin XCConfigurationList section */
		4BD1E1A4252BB0ED00864780 /* Build configuration list for PBXProject "SimpleMap_SwiftUI" */ = {
			isa = XCConfigurationList;
			buildConfigurations = (
				4BD1E1B6252BB0EE00864780 /* Debug */,
				4BD1E1B7252BB0EE00864780 /* Release */,
			);
			defaultConfigurationIsVisible = 0;
			defaultConfigurationName = Release;
		};
		4BD1E1B8252BB0EE00864780 /* Build configuration list for PBXNativeTarget "SimpleMap_SwiftUI" */ = {
			isa = XCConfigurationList;
			buildConfigurations = (
				4BD1E1B9252BB0EE00864780 /* Debug */,
				4BD1E1BA252BB0EE00864780 /* Release */,
			);
			defaultConfigurationIsVisible = 0;
			defaultConfigurationName = Release;
		};
/* End XCConfigurationList section */

/* Begin XCRemoteSwiftPackageReference section */
		4B2911B625A4787A006A33B5 /* XCRemoteSwiftPackageReference "maplibre-gl-native-distribution" */ = {
			isa = XCRemoteSwiftPackageReference;
			repositoryURL = "https://github.com/maptiler/maplibre-gl-native-distribution.git";
			requirement = {
				kind = upToNextMajorVersion;
				minimumVersion = 5.9.0;
			};
		};
/* End XCRemoteSwiftPackageReference section */

/* Begin XCSwiftPackageProductDependency section */
		4B2911B725A4787A006A33B5 /* MapboxMobileEvents */ = {
			isa = XCSwiftPackageProductDependency;
			package = 4B2911B625A4787A006A33B5 /* XCRemoteSwiftPackageReference "maplibre-gl-native-distribution" */;
			productName = MapboxMobileEvents;
		};
		4B2911B925A4787A006A33B5 /* Mapbox */ = {
			isa = XCSwiftPackageProductDependency;
			package = 4B2911B625A4787A006A33B5 /* XCRemoteSwiftPackageReference "maplibre-gl-native-distribution" */;
			productName = Mapbox;
		};
/* End XCSwiftPackageProductDependency section */
	};
	rootObject = 4BD1E1A1252BB0ED00864780 /* Project object */;
}
